
Microsoft Visual Studio Solution File, Format Version 12.00
# Visual Studio Version 16
VisualStudioVersion = 16.0.29613.14
MinimumVisualStudioVersion = 10.0.40219.1
Project("{FAE04EC0-301F-11D3-BF4B-00C04F79EFBC}") = "AD_Collection", "AD_Collection\AD_Collection.csproj", "{8F710B1D-78DE-4205-98DD-7E7EEE9DB582}"
EndProject
Global
	GlobalSection(SolutionConfigurationPlatforms) = preSolution
		Debug|Any CPU = Debug|Any CPU
		Release|Any CPU = Release|Any CPU
	EndGlobalSection
	GlobalSection(ProjectConfigurationPlatforms) = postSolution
		{8F710B1D-78DE-4205-98DD-7E7EEE9DB582}.Debug|Any CPU.ActiveCfg = Debug|Any CPU
		{8F710B1D-78DE-4205-98DD-7E7EEE9DB582}.Debug|Any CPU.Build.0 = Debug|Any CPU
		{8F710B1D-78DE-4205-98DD-7E7EEE9DB582}.Release|Any CPU.ActiveCfg = Release|Any CPU
		{8F710B1D-78DE-4205-98DD-7E7EEE9DB582}.Release|Any CPU.Build.0 = Release|Any CPU
	EndGlobalSection
	GlobalSection(SolutionProperties) = preSolution
		HideSolutionNode = FALSE
	EndGlobalSection
	GlobalSection(ExtensibilityGlobals) = postSolution
		SolutionGuid = {94AEB552-94F3-4EBF-887C-DD4BA70BDE83}
	EndGlobalSection
EndGlobal
